
Microsoft Visual Studio Solution File, Format Version 12.00
# Visual Studio 15
VisualStudioVersion = 15.0.27428.2037
MinimumVisualStudioVersion = 10.0.40219.1
Project("{9A19103F-16F7-4668-BE54-9A1E7A4F7556}") = "AccountClassModification4.9", "Chapter4Exercises\AccountClassModification4.9.csproj", "{AFB2D22D-7DF7-4AB1-92BB-FFC8CA51FC9C}"
EndProject
Project("{9A19103F-16F7-4668-BE54-9A1E7A4F7556}") = "InvoiceClass4.10", "InvoiceClass4.10\InvoiceClass4.10.csproj", "{28AB9C60-DEBD-425A-AFD1-D460C54C60A8}"
EndProject
Project("{9A19103F-16F7-4668-BE54-9A1E7A4F7556}") = "EmployeeClass411", "EmployeeClass411\EmployeeClass411.csproj", "{8753F3B1-DD9E-4807-9BBC-BC4148FBEF2F}"
EndProject
Project("{9A19103F-16F7-4668-BE54-9A1E7A4F7556}") = "DateClass", "DateClass\DateClass.csproj", "{90951E48-F308-4166-AC57-57228CB4FE66}"
EndProject
Project("{9A19103F-16F7-4668-BE54-9A1E7A4F7556}") = "RemoveDuplicateCodeinMain", "RemoveDuplicateCodeinMain\RemoveDuplicateCodeinMain.csproj", "{18B1EF99-4F24-46D0-BC17-419DB9717790}"
EndProject
Project("{9A19103F-16F7-4668-BE54-9A1E7A4F7556}") = "TargetHeartRateCalculator414", "TargetHeartRateCalculator414\TargetHeartRateCalculator414.csproj", "{0F99536D-9E07-4FE1-ABEC-B2E87EE463F0}"
EndProject
Project("{FAE04EC0-301F-11D3-BF4B-00C04F79EFBC}") = "ComputerizationOfHealthRecords415", "ComputerizationOfHealthRecords415\ComputerizationOfHealthRecords415.csproj", "{7B514F3B-9D6D-4B51-AB3D-061C6680ABDF}"
EndProject
Global
	GlobalSection(SolutionConfigurationPlatforms) = preSolution
		Debug|Any CPU = Debug|Any CPU
		Release|Any CPU = Release|Any CPU
	EndGlobalSection
	GlobalSection(ProjectConfigurationPlatforms) = postSolution
		{AFB2D22D-7DF7-4AB1-92BB-FFC8CA51FC9C}.Debug|Any CPU.ActiveCfg = Debug|Any CPU
		{AFB2D22D-7DF7-4AB1-92BB-FFC8CA51FC9C}.Debug|Any CPU.Build.0 = Debug|Any CPU
		{AFB2D22D-7DF7-4AB1-92BB-FFC8CA51FC9C}.Release|Any CPU.ActiveCfg = Release|Any CPU
		{AFB2D22D-7DF7-4AB1-92BB-FFC8CA51FC9C}.Release|Any CPU.Build.0 = Release|Any CPU
		{28AB9C60-DEBD-425A-AFD1-D460C54C60A8}.Debug|Any CPU.ActiveCfg = Debug|Any CPU
		{28AB9C60-DEBD-425A-AFD1-D460C54C60A8}.Debug|Any CPU.Build.0 = Debug|Any CPU
		{28AB9C60-DEBD-425A-AFD1-D460C54C60A8}.Release|Any CPU.ActiveCfg = Release|Any CPU
		{28AB9C60-DEBD-425A-AFD1-D460C54C60A8}.Release|Any CPU.Build.0 = Release|Any CPU
		{8753F3B1-DD9E-4807-9BBC-BC4148FBEF2F}.Debug|Any CPU.ActiveCfg = Debug|Any CPU
		{8753F3B1-DD9E-4807-9BBC-BC4148FBEF2F}.Debug|Any CPU.Build.0 = Debug|Any CPU
		{8753F3B1-DD9E-4807-9BBC-BC4148FBEF2F}.Release|Any CPU.ActiveCfg = Release|Any CPU
		{8753F3B1-DD9E-4807-9BBC-BC4148FBEF2F}.Release|Any CPU.Build.0 = Release|Any CPU
		{90951E48-F308-4166-AC57-57228CB4FE66}.Debug|Any CPU.ActiveCfg = Debug|Any CPU
		{90951E48-F308-4166-AC57-57228CB4FE66}.Debug|Any CPU.Build.0 = Debug|Any CPU
		{90951E48-F308-4166-AC57-57228CB4FE66}.Release|Any CPU.ActiveCfg = Release|Any CPU
		{90951E48-F308-4166-AC57-57228CB4FE66}.Release|Any CPU.Build.0 = Release|Any CPU
		{18B1EF99-4F24-46D0-BC17-419DB9717790}.Debug|Any CPU.ActiveCfg = Debug|Any CPU
		{18B1EF99-4F24-46D0-BC17-419DB9717790}.Debug|Any CPU.Build.0 = Debug|Any CPU
		{18B1EF99-4F24-46D0-BC17-419DB9717790}.Release|Any CPU.ActiveCfg = Release|Any CPU
		{18B1EF99-4F24-46D0-BC17-419DB9717790}.Release|Any CPU.Build.0 = Release|Any CPU
		{0F99536D-9E07-4FE1-ABEC-B2E87EE463F0}.Debug|Any CPU.ActiveCfg = Debug|Any CPU
		{0F99536D-9E07-4FE1-ABEC-B2E87EE463F0}.Debug|Any CPU.Build.0 = Debug|Any CPU
		{0F99536D-9E07-4FE1-ABEC-B2E87EE463F0}.Release|Any CPU.ActiveCfg = Release|Any CPU
		{0F99536D-9E07-4FE1-ABEC-B2E87EE463F0}.Release|Any CPU.Build.0 = Release|Any CPU
		{7B514F3B-9D6D-4B51-AB3D-061C6680ABDF}.Debug|Any CPU.ActiveCfg = Debug|Any CPU
		{7B514F3B-9D6D-4B51-AB3D-061C6680ABDF}.Debug|Any CPU.Build.0 = Debug|Any CPU
		{7B514F3B-9D6D-4B51-AB3D-061C6680ABDF}.Release|Any CPU.ActiveCfg = Release|Any CPU
		{7B514F3B-9D6D-4B51-AB3D-061C6680ABDF}.Release|Any CPU.Build.0 = Release|Any CPU
	EndGlobalSection
	GlobalSection(SolutionProperties) = preSolution
		HideSolutionNode = FALSE
	EndGlobalSection
	GlobalSection(ExtensibilityGlobals) = postSolution
		SolutionGuid = {B13E700D-79E6-4211-9C44-B4ADD269F701}
	EndGlobalSection
EndGlobal
