
Microsoft Visual Studio Solution File, Format Version 12.00
# Visual Studio 15
VisualStudioVersion = 15.0.27428.2037
MinimumVisualStudioVersion = 10.0.40219.1
Project("{9A19103F-16F7-4668-BE54-9A1E7A4F7556}") = "AccountClassModification4.9", "Chapter4Exercises\AccountClassModification4.9.csproj", "{AFB2D22D-7DF7-4AB1-92BB-FFC8CA51FC9C}"
EndProject
Project("{9A19103F-16F7-4668-BE54-9A1E7A4F7556}") = "InvoiceClass4.10", "InvoiceClass4.10\InvoiceClass4.10.csproj", "{28AB9C60-DEBD-425A-AFD1-D460C54C60A8}"
EndProject
Project("{FAE04EC0-301F-11D3-BF4B-00C04F79EFBC}") = "EmployeeClass411", "EmployeeClass411\EmployeeClass411.csproj", "{8753F3B1-DD9E-4807-9BBC-BC4148FBEF2F}"
EndProject
Global
	GlobalSection(SolutionConfigurationPlatforms) = preSolution
		Debug|Any CPU = Debug|Any CPU
		Release|Any CPU = Release|Any CPU
	EndGlobalSection
	GlobalSection(ProjectConfigurationPlatforms) = postSolution
		{AFB2D22D-7DF7-4AB1-92BB-FFC8CA51FC9C}.Debug|Any CPU.ActiveCfg = Debug|Any CPU
		{AFB2D22D-7DF7-4AB1-92BB-FFC8CA51FC9C}.Debug|Any CPU.Build.0 = Debug|Any CPU
		{AFB2D22D-7DF7-4AB1-92BB-FFC8CA51FC9C}.Release|Any CPU.ActiveCfg = Release|Any CPU
		{AFB2D22D-7DF7-4AB1-92BB-FFC8CA51FC9C}.Release|Any CPU.Build.0 = Release|Any CPU
		{28AB9C60-DEBD-425A-AFD1-D460C54C60A8}.Debug|Any CPU.ActiveCfg = Debug|Any CPU
		{28AB9C60-DEBD-425A-AFD1-D460C54C60A8}.Debug|Any CPU.Build.0 = Debug|Any CPU
		{28AB9C60-DEBD-425A-AFD1-D460C54C60A8}.Release|Any CPU.ActiveCfg = Release|Any CPU
		{28AB9C60-DEBD-425A-AFD1-D460C54C60A8}.Release|Any CPU.Build.0 = Release|Any CPU
		{8753F3B1-DD9E-4807-9BBC-BC4148FBEF2F}.Debug|Any CPU.ActiveCfg = Debug|Any CPU
		{8753F3B1-DD9E-4807-9BBC-BC4148FBEF2F}.Debug|Any CPU.Build.0 = Debug|Any CPU
		{8753F3B1-DD9E-4807-9BBC-BC4148FBEF2F}.Release|Any CPU.ActiveCfg = Release|Any CPU
		{8753F3B1-DD9E-4807-9BBC-BC4148FBEF2F}.Release|Any CPU.Build.0 = Release|Any CPU
	EndGlobalSection
	GlobalSection(SolutionProperties) = preSolution
		HideSolutionNode = FALSE
	EndGlobalSection
	GlobalSection(ExtensibilityGlobals) = postSolution
		SolutionGuid = {B13E700D-79E6-4211-9C44-B4ADD269F701}
	EndGlobalSection
EndGlobal
